// !$*UTF8*$!
{
	archiveVersion = 1;
	classes = {
	};
	objectVersion = 50;
	objects = {

/* Begin PBXBuildFile section */
		472104AD2535600C00966347 /* UIHelper.swift in Sources */ = {isa = PBXBuildFile; fileRef = 472104AC2535600C00966347 /* UIHelper.swift */; };
		472E8BDA254ACC46000B870A /* ItemInfoView.swift in Sources */ = {isa = PBXBuildFile; fileRef = 472E8BD9254ACC46000B870A /* ItemInfoView.swift */; };
		473BD222252EBE280056766C /* User.swift in Sources */ = {isa = PBXBuildFile; fileRef = 473BD221252EBE280056766C /* User.swift */; };
		4763A0EE2528FA3700D6E42D /* AppDelegate.swift in Sources */ = {isa = PBXBuildFile; fileRef = 4763A0ED2528FA3700D6E42D /* AppDelegate.swift */; };
		4763A0F02528FA3700D6E42D /* SceneDelegate.swift in Sources */ = {isa = PBXBuildFile; fileRef = 4763A0EF2528FA3700D6E42D /* SceneDelegate.swift */; };
		4763A0F22528FA3700D6E42D /* MainTabController.swift in Sources */ = {isa = PBXBuildFile; fileRef = 4763A0F12528FA3700D6E42D /* MainTabController.swift */; };
		4763A0F72528FA3800D6E42D /* Assets.xcassets in Resources */ = {isa = PBXBuildFile; fileRef = 4763A0F62528FA3800D6E42D /* Assets.xcassets */; };
		4763A0FA2528FA3800D6E42D /* LaunchScreen.storyboard in Resources */ = {isa = PBXBuildFile; fileRef = 4763A0F82528FA3800D6E42D /* LaunchScreen.storyboard */; };
		4768D8D62533938C00B53175 /* DownloadImage.swift in Sources */ = {isa = PBXBuildFile; fileRef = 4768D8D52533938C00B53175 /* DownloadImage.swift */; };
		4770332E252B98E5004B7ED2 /* CustomAlertController.swift in Sources */ = {isa = PBXBuildFile; fileRef = 4770332D252B98E5004B7ED2 /* CustomAlertController.swift */; };
		4780C3B6252E7C9C0052072C /* ErrorMessage.swift in Sources */ = {isa = PBXBuildFile; fileRef = 4780C3B5252E7C9C0052072C /* ErrorMessage.swift */; };
		4789358D254E603B006522BC /* ReposItemController.swift in Sources */ = {isa = PBXBuildFile; fileRef = 4789358C254E603B006522BC /* ReposItemController.swift */; };
		47893590254E6619006522BC /* FollowerItemController.swift in Sources */ = {isa = PBXBuildFile; fileRef = 4789358F254E6619006522BC /* FollowerItemController.swift */; };
		47915379252F9597001D5EBA /* FollowerCell.swift in Sources */ = {isa = PBXBuildFile; fileRef = 47915378252F9597001D5EBA /* FollowerCell.swift */; };
		47A29962254E588D00C323DC /* ItemInfoController.swift in Sources */ = {isa = PBXBuildFile; fileRef = 47A29961254E588D00C323DC /* ItemInfoController.swift */; };
		47BDDBDF2541319100DDB08D /* UIViewController+Ext.swift in Sources */ = {isa = PBXBuildFile; fileRef = 47BDDBDE2541319100DDB08D /* UIViewController+Ext.swift */; };
		47BDDBE4254139C600DDB08D /* EmptyStateView.swift in Sources */ = {isa = PBXBuildFile; fileRef = 47BDDBE3254139C600DDB08D /* EmptyStateView.swift */; };
		47CBE8B2254571930076204C /* UserInfoController.swift in Sources */ = {isa = PBXBuildFile; fileRef = 47CBE8B1254571930076204C /* UserInfoController.swift */; };
		47CBE8B5254571D50076204C /* UserHeaderInfo.swift in Sources */ = {isa = PBXBuildFile; fileRef = 47CBE8B4254571D50076204C /* UserHeaderInfo.swift */; };
		47CBE8B8254578180076204C /* Constants.swift in Sources */ = {isa = PBXBuildFile; fileRef = 47CBE8B7254578180076204C /* Constants.swift */; };
		47DCEFE0252B89D9002FB35B /* FollowerListController.swift in Sources */ = {isa = PBXBuildFile; fileRef = 47DCEFDF252B89D9002FB35B /* FollowerListController.swift */; };
		47DCEFE3252B8A04002FB35B /* FavoriteController.swift in Sources */ = {isa = PBXBuildFile; fileRef = 47DCEFE2252B8A04002FB35B /* FavoriteController.swift */; };
		47DCEFE6252B8A43002FB35B /* SearchController.swift in Sources */ = {isa = PBXBuildFile; fileRef = 47DCEFE5252B8A43002FB35B /* SearchController.swift */; };
		47E6E913252BF3FE00F10B78 /* Follower.swift in Sources */ = {isa = PBXBuildFile; fileRef = 47E6E912252BF3FE00F10B78 /* Follower.swift */; };
		47E6E916252C04D300F10B78 /* NetworkManager.swift in Sources */ = {isa = PBXBuildFile; fileRef = 47E6E915252C04D300F10B78 /* NetworkManager.swift */; };
/* End PBXBuildFile section */

/* Begin PBXFileReference section */
		472104AC2535600C00966347 /* UIHelper.swift */ = {isa = PBXFileReference; lastKnownFileType = sourcecode.swift; path = UIHelper.swift; sourceTree = "<group>"; };
		472E8BD9254ACC46000B870A /* ItemInfoView.swift */ = {isa = PBXFileReference; lastKnownFileType = sourcecode.swift; path = ItemInfoView.swift; sourceTree = "<group>"; };
		473BD221252EBE280056766C /* User.swift */ = {isa = PBXFileReference; lastKnownFileType = sourcecode.swift; path = User.swift; sourceTree = "<group>"; };
		4763A0EA2528FA3700D6E42D /* GithubFollowers.app */ = {isa = PBXFileReference; explicitFileType = wrapper.application; includeInIndex = 0; path = GithubFollowers.app; sourceTree = BUILT_PRODUCTS_DIR; };
		4763A0ED2528FA3700D6E42D /* AppDelegate.swift */ = {isa = PBXFileReference; lastKnownFileType = sourcecode.swift; path = AppDelegate.swift; sourceTree = "<group>"; };
		4763A0EF2528FA3700D6E42D /* SceneDelegate.swift */ = {isa = PBXFileReference; lastKnownFileType = sourcecode.swift; path = SceneDelegate.swift; sourceTree = "<group>"; };
		4763A0F12528FA3700D6E42D /* MainTabController.swift */ = {isa = PBXFileReference; lastKnownFileType = sourcecode.swift; path = MainTabController.swift; sourceTree = "<group>"; };
		4763A0F62528FA3800D6E42D /* Assets.xcassets */ = {isa = PBXFileReference; lastKnownFileType = folder.assetcatalog; path = Assets.xcassets; sourceTree = "<group>"; };
		4763A0F92528FA3800D6E42D /* Base */ = {isa = PBXFileReference; lastKnownFileType = file.storyboard; name = Base; path = Base.lproj/LaunchScreen.storyboard; sourceTree = "<group>"; };
		4763A0FB2528FA3800D6E42D /* Info.plist */ = {isa = PBXFileReference; lastKnownFileType = text.plist.xml; path = Info.plist; sourceTree = "<group>"; };
		4768D8D52533938C00B53175 /* DownloadImage.swift */ = {isa = PBXFileReference; lastKnownFileType = sourcecode.swift; path = DownloadImage.swift; sourceTree = "<group>"; };
		4770332D252B98E5004B7ED2 /* CustomAlertController.swift */ = {isa = PBXFileReference; lastKnownFileType = sourcecode.swift; path = CustomAlertController.swift; sourceTree = "<group>"; };
		4780C3B5252E7C9C0052072C /* ErrorMessage.swift */ = {isa = PBXFileReference; lastKnownFileType = sourcecode.swift; path = ErrorMessage.swift; sourceTree = "<group>"; };
		4789358C254E603B006522BC /* ReposItemController.swift */ = {isa = PBXFileReference; lastKnownFileType = sourcecode.swift; path = ReposItemController.swift; sourceTree = "<group>"; };
		4789358F254E6619006522BC /* FollowerItemController.swift */ = {isa = PBXFileReference; lastKnownFileType = sourcecode.swift; path = FollowerItemController.swift; sourceTree = "<group>"; };
		47915378252F9597001D5EBA /* FollowerCell.swift */ = {isa = PBXFileReference; lastKnownFileType = sourcecode.swift; path = FollowerCell.swift; sourceTree = "<group>"; };
		47A29961254E588D00C323DC /* ItemInfoController.swift */ = {isa = PBXFileReference; lastKnownFileType = sourcecode.swift; path = ItemInfoController.swift; sourceTree = "<group>"; };
		47BDDBDE2541319100DDB08D /* UIViewController+Ext.swift */ = {isa = PBXFileReference; lastKnownFileType = sourcecode.swift; path = "UIViewController+Ext.swift"; sourceTree = "<group>"; };
		47BDDBE3254139C600DDB08D /* EmptyStateView.swift */ = {isa = PBXFileReference; lastKnownFileType = sourcecode.swift; path = EmptyStateView.swift; sourceTree = "<group>"; };
		47CBE8B1254571930076204C /* UserInfoController.swift */ = {isa = PBXFileReference; lastKnownFileType = sourcecode.swift; path = UserInfoController.swift; sourceTree = "<group>"; };
		47CBE8B4254571D50076204C /* UserHeaderInfo.swift */ = {isa = PBXFileReference; lastKnownFileType = sourcecode.swift; path = UserHeaderInfo.swift; sourceTree = "<group>"; };
		47CBE8B7254578180076204C /* Constants.swift */ = {isa = PBXFileReference; lastKnownFileType = sourcecode.swift; path = Constants.swift; sourceTree = "<group>"; };
		47DCEFDF252B89D9002FB35B /* FollowerListController.swift */ = {isa = PBXFileReference; lastKnownFileType = sourcecode.swift; path = FollowerListController.swift; sourceTree = "<group>"; };
		47DCEFE2252B8A04002FB35B /* FavoriteController.swift */ = {isa = PBXFileReference; lastKnownFileType = sourcecode.swift; path = FavoriteController.swift; sourceTree = "<group>"; };
		47DCEFE5252B8A43002FB35B /* SearchController.swift */ = {isa = PBXFileReference; lastKnownFileType = sourcecode.swift; path = SearchController.swift; sourceTree = "<group>"; };
		47E6E912252BF3FE00F10B78 /* Follower.swift */ = {isa = PBXFileReference; lastKnownFileType = sourcecode.swift; path = Follower.swift; sourceTree = "<group>"; };
		47E6E915252C04D300F10B78 /* NetworkManager.swift */ = {isa = PBXFileReference; lastKnownFileType = sourcecode.swift; path = NetworkManager.swift; sourceTree = "<group>"; };
/* End PBXFileReference section */

/* Begin PBXFrameworksBuildPhase section */
		4763A0E72528FA3700D6E42D /* Frameworks */ = {
			isa = PBXFrameworksBuildPhase;
			buildActionMask = 2147483647;
			files = (
			);
			runOnlyForDeploymentPostprocessing = 0;
		};
/* End PBXFrameworksBuildPhase section */

/* Begin PBXGroup section */
		4763A0E12528FA3700D6E42D = {
			isa = PBXGroup;
			children = (
				4763A0EC2528FA3700D6E42D /* GithubFollowers */,
				4763A0EB2528FA3700D6E42D /* Products */,
			);
			sourceTree = "<group>";
		};
		4763A0EB2528FA3700D6E42D /* Products */ = {
			isa = PBXGroup;
			children = (
				4763A0EA2528FA3700D6E42D /* GithubFollowers.app */,
			);
			name = Products;
			sourceTree = "<group>";
		};
		4763A0EC2528FA3700D6E42D /* GithubFollowers */ = {
			isa = PBXGroup;
			children = (
				47E6E911252BF3ED00F10B78 /* Model */,
				47BDDBDD2541318100DDB08D /* Extensions */,
				47B59709252E50DC00981FEA /* Manager */,
				47A7669525369E3B00DD704A /* Utilities */,
				47BDDBE2254139B800DDB08D /* Views */,
				47DCEFE8252B8BCA002FB35B /* Screens */,
				47E6E90E252BF3D300F10B78 /* Support */,
				4763A0FB2528FA3800D6E42D /* Info.plist */,
			);
			path = GithubFollowers;
			sourceTree = "<group>";
		};
		4784F289254E69DC002417F4 /* Cell */ = {
			isa = PBXGroup;
			children = (
				47915378252F9597001D5EBA /* FollowerCell.swift */,
			);
			path = Cell;
			sourceTree = "<group>";
		};
		4789358A254E5D60006522BC /* ViewControllers */ = {
			isa = PBXGroup;
			children = (
				4770332D252B98E5004B7ED2 /* CustomAlertController.swift */,
				47893592254E66C2006522BC /* ItemInfoControllers */,
				47BDDBE3254139C600DDB08D /* EmptyStateView.swift */,
				47CBE8B4254571D50076204C /* UserHeaderInfo.swift */,
			);
			path = ViewControllers;
			sourceTree = "<group>";
		};
		47893592254E66C2006522BC /* ItemInfoControllers */ = {
			isa = PBXGroup;
			children = (
				47A29961254E588D00C323DC /* ItemInfoController.swift */,
				4789358C254E603B006522BC /* ReposItemController.swift */,
				4789358F254E6619006522BC /* FollowerItemController.swift */,
			);
			path = ItemInfoControllers;
			sourceTree = "<group>";
		};
		47A7669525369E3B00DD704A /* Utilities */ = {
			isa = PBXGroup;
			children = (
				472104AC2535600C00966347 /* UIHelper.swift */,
				47CBE8B7254578180076204C /* Constants.swift */,
			);
			path = Utilities;
			sourceTree = "<group>";
		};
		47B59709252E50DC00981FEA /* Manager */ = {
			isa = PBXGroup;
			children = (
				47E6E915252C04D300F10B78 /* NetworkManager.swift */,
				4768D8D52533938C00B53175 /* DownloadImage.swift */,
			);
			path = Manager;
			sourceTree = "<group>";
		};
		47BDDBDD2541318100DDB08D /* Extensions */ = {
			isa = PBXGroup;
			children = (
				47BDDBDE2541319100DDB08D /* UIViewController+Ext.swift */,
			);
			path = Extensions;
			sourceTree = "<group>";
		};
		47BDDBE2254139B800DDB08D /* Views */ = {
			isa = PBXGroup;
			children = (
				4784F289254E69DC002417F4 /* Cell */,
				472E8BD9254ACC46000B870A /* ItemInfoView.swift */,
				4789358A254E5D60006522BC /* ViewControllers */,
			);
			path = Views;
			sourceTree = "<group>";
		};
		47DCEFE8252B8BCA002FB35B /* Screens */ = {
			isa = PBXGroup;
			children = (
				47DCEFEA252B8BD7002FB35B /* TabBar Menus */,
				47DCEFE5252B8A43002FB35B /* SearchController.swift */,
				47DCEFDF252B89D9002FB35B /* FollowerListController.swift */,
				47DCEFE2252B8A04002FB35B /* FavoriteController.swift */,
				47CBE8B1254571930076204C /* UserInfoController.swift */,
			);
			path = Screens;
			sourceTree = "<group>";
		};
		47DCEFEA252B8BD7002FB35B /* TabBar Menus */ = {
			isa = PBXGroup;
			children = (
				4763A0F12528FA3700D6E42D /* MainTabController.swift */,
			);
			path = "TabBar Menus";
			sourceTree = "<group>";
		};
		47E6E90E252BF3D300F10B78 /* Support */ = {
			isa = PBXGroup;
			children = (
				4763A0ED2528FA3700D6E42D /* AppDelegate.swift */,
				4763A0EF2528FA3700D6E42D /* SceneDelegate.swift */,
				4763A0F62528FA3800D6E42D /* Assets.xcassets */,
				4763A0F82528FA3800D6E42D /* LaunchScreen.storyboard */,
			);
			path = Support;
			sourceTree = "<group>";
		};
		47E6E911252BF3ED00F10B78 /* Model */ = {
			isa = PBXGroup;
			children = (
				47E6E912252BF3FE00F10B78 /* Follower.swift */,
				4780C3B5252E7C9C0052072C /* ErrorMessage.swift */,
				473BD221252EBE280056766C /* User.swift */,
			);
			path = Model;
			sourceTree = "<group>";
		};
/* End PBXGroup section */

/* Begin PBXNativeTarget section */
		4763A0E92528FA3700D6E42D /* GithubFollowers */ = {
			isa = PBXNativeTarget;
			buildConfigurationList = 4763A0FE2528FA3800D6E42D /* Build configuration list for PBXNativeTarget "GithubFollowers" */;
			buildPhases = (
				4763A0E62528FA3700D6E42D /* Sources */,
				4763A0E72528FA3700D6E42D /* Frameworks */,
				4763A0E82528FA3700D6E42D /* Resources */,
			);
			buildRules = (
			);
			dependencies = (
			);
			name = GithubFollowers;
			productName = GithubFollowers;
			productReference = 4763A0EA2528FA3700D6E42D /* GithubFollowers.app */;
			productType = "com.apple.product-type.application";
		};
/* End PBXNativeTarget section */

/* Begin PBXProject section */
		4763A0E22528FA3700D6E42D /* Project object */ = {
			isa = PBXProject;
			attributes = {
				LastSwiftUpdateCheck = 1200;
				LastUpgradeCheck = 1200;
				TargetAttributes = {
					4763A0E92528FA3700D6E42D = {
						CreatedOnToolsVersion = 12.0;
					};
				};
			};
			buildConfigurationList = 4763A0E52528FA3700D6E42D /* Build configuration list for PBXProject "GithubFollowers" */;
			compatibilityVersion = "Xcode 9.3";
			developmentRegion = en;
			hasScannedForEncodings = 0;
			knownRegions = (
				en,
				Base,
			);
			mainGroup = 4763A0E12528FA3700D6E42D;
			productRefGroup = 4763A0EB2528FA3700D6E42D /* Products */;
			projectDirPath = "";
			projectRoot = "";
			targets = (
				4763A0E92528FA3700D6E42D /* GithubFollowers */,
			);
		};
/* End PBXProject section */

/* Begin PBXResourcesBuildPhase section */
		4763A0E82528FA3700D6E42D /* Resources */ = {
			isa = PBXResourcesBuildPhase;
			buildActionMask = 2147483647;
			files = (
				4763A0FA2528FA3800D6E42D /* LaunchScreen.storyboard in Resources */,
				4763A0F72528FA3800D6E42D /* Assets.xcassets in Resources */,
			);
			runOnlyForDeploymentPostprocessing = 0;
		};
/* End PBXResourcesBuildPhase section */

/* Begin PBXSourcesBuildPhase section */
		4763A0E62528FA3700D6E42D /* Sources */ = {
			isa = PBXSourcesBuildPhase;
			buildActionMask = 2147483647;
			files = (
				4770332E252B98E5004B7ED2 /* CustomAlertController.swift in Sources */,
				47CBE8B8254578180076204C /* Constants.swift in Sources */,
				47893590254E6619006522BC /* FollowerItemController.swift in Sources */,
				4789358D254E603B006522BC /* ReposItemController.swift in Sources */,
				47DCEFE3252B8A04002FB35B /* FavoriteController.swift in Sources */,
				47BDDBDF2541319100DDB08D /* UIViewController+Ext.swift in Sources */,
				47A29962254E588D00C323DC /* ItemInfoController.swift in Sources */,
				4780C3B6252E7C9C0052072C /* ErrorMessage.swift in Sources */,
				4768D8D62533938C00B53175 /* DownloadImage.swift in Sources */,
				47DCEFE6252B8A43002FB35B /* SearchController.swift in Sources */,
				472E8BDA254ACC46000B870A /* ItemInfoView.swift in Sources */,
				47E6E913252BF3FE00F10B78 /* Follower.swift in Sources */,
				4763A0F22528FA3700D6E42D /* MainTabController.swift in Sources */,
				47E6E916252C04D300F10B78 /* NetworkManager.swift in Sources */,
				47CBE8B5254571D50076204C /* UserHeaderInfo.swift in Sources */,
				47DCEFE0252B89D9002FB35B /* FollowerListController.swift in Sources */,
				47BDDBE4254139C600DDB08D /* EmptyStateView.swift in Sources */,
				4763A0EE2528FA3700D6E42D /* AppDelegate.swift in Sources */,
				4763A0F02528FA3700D6E42D /* SceneDelegate.swift in Sources */,
				473BD222252EBE280056766C /* User.swift in Sources */,
				47915379252F9597001D5EBA /* FollowerCell.swift in Sources */,
				47CBE8B2254571930076204C /* UserInfoController.swift in Sources */,
				472104AD2535600C00966347 /* UIHelper.swift in Sources */,
			);
			runOnlyForDeploymentPostprocessing = 0;
		};
/* End PBXSourcesBuildPhase section */

/* Begin PBXVariantGroup section */
		4763A0F82528FA3800D6E42D /* LaunchScreen.storyboard */ = {
			isa = PBXVariantGroup;
			children = (
				4763A0F92528FA3800D6E42D /* Base */,
			);
			name = LaunchScreen.storyboard;
			sourceTree = "<group>";
		};
/* End PBXVariantGroup section */

/* Begin XCBuildConfiguration section */
		4763A0FC2528FA3800D6E42D /* Debug */ = {
			isa = XCBuildConfiguration;
			buildSettings = {
				ALWAYS_SEARCH_USER_PATHS = NO;
				CLANG_ANALYZER_NONNULL = YES;
				CLANG_ANALYZER_NUMBER_OBJECT_CONVERSION = YES_AGGRESSIVE;
				CLANG_CXX_LANGUAGE_STANDARD = "gnu++14";
				CLANG_CXX_LIBRARY = "libc++";
				CLANG_ENABLE_MODULES = YES;
				CLANG_ENABLE_OBJC_ARC = YES;
				CLANG_ENABLE_OBJC_WEAK = YES;
				CLANG_WARN_BLOCK_CAPTURE_AUTORELEASING = YES;
				CLANG_WARN_BOOL_CONVERSION = YES;
				CLANG_WARN_COMMA = YES;
				CLANG_WARN_CONSTANT_CONVERSION = YES;
				CLANG_WARN_DEPRECATED_OBJC_IMPLEMENTATIONS = YES;
				CLANG_WARN_DIRECT_OBJC_ISA_USAGE = YES_ERROR;
				CLANG_WARN_DOCUMENTATION_COMMENTS = YES;
				CLANG_WARN_EMPTY_BODY = YES;
				CLANG_WARN_ENUM_CONVERSION = YES;
				CLANG_WARN_INFINITE_RECURSION = YES;
				CLANG_WARN_INT_CONVERSION = YES;
				CLANG_WARN_NON_LITERAL_NULL_CONVERSION = YES;
				CLANG_WARN_OBJC_IMPLICIT_RETAIN_SELF = YES;
				CLANG_WARN_OBJC_LITERAL_CONVERSION = YES;
				CLANG_WARN_OBJC_ROOT_CLASS = YES_ERROR;
				CLANG_WARN_QUOTED_INCLUDE_IN_FRAMEWORK_HEADER = YES;
				CLANG_WARN_RANGE_LOOP_ANALYSIS = YES;
				CLANG_WARN_STRICT_PROTOTYPES = YES;
				CLANG_WARN_SUSPICIOUS_MOVE = YES;
				CLANG_WARN_UNGUARDED_AVAILABILITY = YES_AGGRESSIVE;
				CLANG_WARN_UNREACHABLE_CODE = YES;
				CLANG_WARN__DUPLICATE_METHOD_MATCH = YES;
				COPY_PHASE_STRIP = NO;
				DEBUG_INFORMATION_FORMAT = dwarf;
				ENABLE_STRICT_OBJC_MSGSEND = YES;
				ENABLE_TESTABILITY = YES;
				GCC_C_LANGUAGE_STANDARD = gnu11;
				GCC_DYNAMIC_NO_PIC = NO;
				GCC_NO_COMMON_BLOCKS = YES;
				GCC_OPTIMIZATION_LEVEL = 0;
				GCC_PREPROCESSOR_DEFINITIONS = (
					"DEBUG=1",
					"$(inherited)",
				);
				GCC_WARN_64_TO_32_BIT_CONVERSION = YES;
				GCC_WARN_ABOUT_RETURN_TYPE = YES_ERROR;
				GCC_WARN_UNDECLARED_SELECTOR = YES;
				GCC_WARN_UNINITIALIZED_AUTOS = YES_AGGRESSIVE;
				GCC_WARN_UNUSED_FUNCTION = YES;
				GCC_WARN_UNUSED_VARIABLE = YES;
				IPHONEOS_DEPLOYMENT_TARGET = 14.0;
				MTL_ENABLE_DEBUG_INFO = INCLUDE_SOURCE;
				MTL_FAST_MATH = YES;
				ONLY_ACTIVE_ARCH = YES;
				SDKROOT = iphoneos;
				SWIFT_ACTIVE_COMPILATION_CONDITIONS = DEBUG;
				SWIFT_OPTIMIZATION_LEVEL = "-Onone";
			};
			name = Debug;
		};
		4763A0FD2528FA3800D6E42D /* Release */ = {
			isa = XCBuildConfiguration;
			buildSettings = {
				ALWAYS_SEARCH_USER_PATHS = NO;
				CLANG_ANALYZER_NONNULL = YES;
				CLANG_ANALYZER_NUMBER_OBJECT_CONVERSION = YES_AGGRESSIVE;
				CLANG_CXX_LANGUAGE_STANDARD = "gnu++14";
				CLANG_CXX_LIBRARY = "libc++";
				CLANG_ENABLE_MODULES = YES;
				CLANG_ENABLE_OBJC_ARC = YES;
				CLANG_ENABLE_OBJC_WEAK = YES;
				CLANG_WARN_BLOCK_CAPTURE_AUTORELEASING = YES;
				CLANG_WARN_BOOL_CONVERSION = YES;
				CLANG_WARN_COMMA = YES;
				CLANG_WARN_CONSTANT_CONVERSION = YES;
				CLANG_WARN_DEPRECATED_OBJC_IMPLEMENTATIONS = YES;
				CLANG_WARN_DIRECT_OBJC_ISA_USAGE = YES_ERROR;
				CLANG_WARN_DOCUMENTATION_COMMENTS = YES;
				CLANG_WARN_EMPTY_BODY = YES;
				CLANG_WARN_ENUM_CONVERSION = YES;
				CLANG_WARN_INFINITE_RECURSION = YES;
				CLANG_WARN_INT_CONVERSION = YES;
				CLANG_WARN_NON_LITERAL_NULL_CONVERSION = YES;
				CLANG_WARN_OBJC_IMPLICIT_RETAIN_SELF = YES;
				CLANG_WARN_OBJC_LITERAL_CONVERSION = YES;
				CLANG_WARN_OBJC_ROOT_CLASS = YES_ERROR;
				CLANG_WARN_QUOTED_INCLUDE_IN_FRAMEWORK_HEADER = YES;
				CLANG_WARN_RANGE_LOOP_ANALYSIS = YES;
				CLANG_WARN_STRICT_PROTOTYPES = YES;
				CLANG_WARN_SUSPICIOUS_MOVE = YES;
				CLANG_WARN_UNGUARDED_AVAILABILITY = YES_AGGRESSIVE;
				CLANG_WARN_UNREACHABLE_CODE = YES;
				CLANG_WARN__DUPLICATE_METHOD_MATCH = YES;
				COPY_PHASE_STRIP = NO;
				DEBUG_INFORMATION_FORMAT = "dwarf-with-dsym";
				ENABLE_NS_ASSERTIONS = NO;
				ENABLE_STRICT_OBJC_MSGSEND = YES;
				GCC_C_LANGUAGE_STANDARD = gnu11;
				GCC_NO_COMMON_BLOCKS = YES;
				GCC_WARN_64_TO_32_BIT_CONVERSION = YES;
				GCC_WARN_ABOUT_RETURN_TYPE = YES_ERROR;
				GCC_WARN_UNDECLARED_SELECTOR = YES;
				GCC_WARN_UNINITIALIZED_AUTOS = YES_AGGRESSIVE;
				GCC_WARN_UNUSED_FUNCTION = YES;
				GCC_WARN_UNUSED_VARIABLE = YES;
				IPHONEOS_DEPLOYMENT_TARGET = 14.0;
				MTL_ENABLE_DEBUG_INFO = NO;
				MTL_FAST_MATH = YES;
				SDKROOT = iphoneos;
				SWIFT_COMPILATION_MODE = wholemodule;
				SWIFT_OPTIMIZATION_LEVEL = "-O";
				VALIDATE_PRODUCT = YES;
			};
			name = Release;
		};
		4763A0FF2528FA3800D6E42D /* Debug */ = {
			isa = XCBuildConfiguration;
			buildSettings = {
				ASSETCATALOG_COMPILER_APPICON_NAME = AppIcon;
				ASSETCATALOG_COMPILER_GLOBAL_ACCENT_COLOR_NAME = AccentColor;
				CODE_SIGN_STYLE = Automatic;
				DEVELOPMENT_TEAM = C5T7638W9Z;
				INFOPLIST_FILE = GithubFollowers/Info.plist;
				LD_RUNPATH_SEARCH_PATHS = (
					"$(inherited)",
					"@executable_path/Frameworks",
				);
				PRODUCT_BUNDLE_IDENTIFIER = com.aoomle.GithubFollowers;
				PRODUCT_NAME = "$(TARGET_NAME)";
				SWIFT_VERSION = 5.0;
				TARGETED_DEVICE_FAMILY = "1,2";
			};
			name = Debug;
		};
		4763A1002528FA3800D6E42D /* Release */ = {
			isa = XCBuildConfiguration;
			buildSettings = {
				ASSETCATALOG_COMPILER_APPICON_NAME = AppIcon;
				ASSETCATALOG_COMPILER_GLOBAL_ACCENT_COLOR_NAME = AccentColor;
				CODE_SIGN_STYLE = Automatic;
				DEVELOPMENT_TEAM = C5T7638W9Z;
				INFOPLIST_FILE = GithubFollowers/Info.plist;
				LD_RUNPATH_SEARCH_PATHS = (
					"$(inherited)",
					"@executable_path/Frameworks",
				);
				PRODUCT_BUNDLE_IDENTIFIER = com.aoomle.GithubFollowers;
				PRODUCT_NAME = "$(TARGET_NAME)";
				SWIFT_VERSION = 5.0;
				TARGETED_DEVICE_FAMILY = "1,2";
			};
			name = Release;
		};
/* End XCBuildConfiguration section */

/* Begin XCConfigurationList section */
		4763A0E52528FA3700D6E42D /* Build configuration list for PBXProject "GithubFollowers" */ = {
			isa = XCConfigurationList;
			buildConfigurations = (
				4763A0FC2528FA3800D6E42D /* Debug */,
				4763A0FD2528FA3800D6E42D /* Release */,
			);
			defaultConfigurationIsVisible = 0;
			defaultConfigurationName = Release;
		};
		4763A0FE2528FA3800D6E42D /* Build configuration list for PBXNativeTarget "GithubFollowers" */ = {
			isa = XCConfigurationList;
			buildConfigurations = (
				4763A0FF2528FA3800D6E42D /* Debug */,
				4763A1002528FA3800D6E42D /* Release */,
			);
			defaultConfigurationIsVisible = 0;
			defaultConfigurationName = Release;
		};
/* End XCConfigurationList section */
	};
	rootObject = 4763A0E22528FA3700D6E42D /* Project object */;
}
